
Microsoft Visual Studio Solution File, Format Version 12.00
# Visual Studio 2012
Project("{FAE04EC0-301F-11D3-BF4B-00C04F79EFBC}") = "GameOfLife", "GameOfLife\GameOfLife.csproj", "{AC5195DA-3017-4110-804E-5D4DDE232212}"
EndProject
Project("{FAE04EC0-301F-11D3-BF4B-00C04F79EFBC}") = "GameOfLife.Tests", "GameOfLife.Tests\GameOfLife.Tests.csproj", "{9138E43A-8BE0-4F6B-BEC9-56FC86037975}"
EndProject
Project("{2150E333-8FDC-42A3-9474-1A3956D46DE8}") = "Solution Items", "Solution Items", "{08CF5FE0-7DB4-48BD-AC49-5E657B0DB71F}"
	ProjectSection(SolutionItems) = preProject
		LICENSE = LICENSE
		README.md = README.md
	EndProjectSection
EndProject
Global
	GlobalSection(SolutionConfigurationPlatforms) = preSolution
		Debug|Any CPU = Debug|Any CPU
		Release|Any CPU = Release|Any CPU
	EndGlobalSection
	GlobalSection(ProjectConfigurationPlatforms) = postSolution
		{AC5195DA-3017-4110-804E-5D4DDE232212}.Debug|Any CPU.ActiveCfg = Debug|Any CPU
		{AC5195DA-3017-4110-804E-5D4DDE232212}.Debug|Any CPU.Build.0 = Debug|Any CPU
		{AC5195DA-3017-4110-804E-5D4DDE232212}.Release|Any CPU.ActiveCfg = Release|Any CPU
		{AC5195DA-3017-4110-804E-5D4DDE232212}.Release|Any CPU.Build.0 = Release|Any CPU
		{9138E43A-8BE0-4F6B-BEC9-56FC86037975}.Debug|Any CPU.ActiveCfg = Debug|Any CPU
		{9138E43A-8BE0-4F6B-BEC9-56FC86037975}.Debug|Any CPU.Build.0 = Debug|Any CPU
		{9138E43A-8BE0-4F6B-BEC9-56FC86037975}.Release|Any CPU.ActiveCfg = Release|Any CPU
		{9138E43A-8BE0-4F6B-BEC9-56FC86037975}.Release|Any CPU.Build.0 = Release|Any CPU
	EndGlobalSection
	GlobalSection(SolutionProperties) = preSolution
		HideSolutionNode = FALSE
	EndGlobalSection
EndGlobal
